{
  "requires": true,
  "lockfileVersion": 1,
  "dependencies": {
    "tiny-picker": {
      "version": "4.1.3",
      "resolved": "https://registry.npmjs.org/tiny-picker/-/tiny-picker-4.1.3.tgz",
      "integrity": "sha512-x14OCLspEnbdNsrEQgujvLE8QhaebVIjVx1nyJ8nMMstFa6LADOWFFp3XKWWh/F9QSptWXvdM3zIuN5c41rg8g=="
    }
  }
}
